
Microsoft Visual Studio Solution File, Format Version 12.00
# Visual Studio 15
VisualStudioVersion = 15.0.28307.421
MinimumVisualStudioVersion = 10.0.40219.1
Project("{FAE04EC0-301F-11D3-BF4B-00C04F79EFBC}") = "SpaceGameLibrary", "SpaceGameLibrary\SpaceGameLibrary.csproj", "{1D2A5E0C-905D-499A-BDAD-A3D37D4360C6}"
EndProject
Global
	GlobalSection(SolutionConfigurationPlatforms) = preSolution
		Debug|Any CPU = Debug|Any CPU
		Release|Any CPU = Release|Any CPU
	EndGlobalSection
	GlobalSection(ProjectConfigurationPlatforms) = postSolution
		{1D2A5E0C-905D-499A-BDAD-A3D37D4360C6}.Debug|Any CPU.ActiveCfg = Debug|Any CPU
		{1D2A5E0C-905D-499A-BDAD-A3D37D4360C6}.Debug|Any CPU.Build.0 = Debug|Any CPU
		{1D2A5E0C-905D-499A-BDAD-A3D37D4360C6}.Release|Any CPU.ActiveCfg = Release|Any CPU
		{1D2A5E0C-905D-499A-BDAD-A3D37D4360C6}.Release|Any CPU.Build.0 = Release|Any CPU
	EndGlobalSection
	GlobalSection(SolutionProperties) = preSolution
		HideSolutionNode = FALSE
	EndGlobalSection
	GlobalSection(ExtensibilityGlobals) = postSolution
		SolutionGuid = {5BC4DE8F-64E5-4126-ABD2-134CBF826083}
	EndGlobalSection
EndGlobal
