
Microsoft Visual Studio Solution File, Format Version 12.00
# Visual Studio Version 16
VisualStudioVersion = 16.0.28705.295
MinimumVisualStudioVersion = 10.0.40219.1
Project("{FAE04EC0-301F-11D3-BF4B-00C04F79EFBC}") = "SpaceGameLibrary", "SpaceGameLibrary\SpaceGameLibrary.csproj", "{1D2A5E0C-905D-499A-BDAD-A3D37D4360C6}"
EndProject
Project("{FAE04EC0-301F-11D3-BF4B-00C04F79EFBC}") = "SpaceGameLibraryTests", "SpaceGameLibraryTests\SpaceGameLibraryTests.csproj", "{C11C3BE7-0351-427E-A77D-B263591FA8CC}"
EndProject
Project("{FAE04EC0-301F-11D3-BF4B-00C04F79EFBC}") = "StarTrekTradeWar", "StarTrekTradeWar\StarTrekTradeWar.csproj", "{E11C6415-A377-4593-AB26-55AD769EE4F2}"
EndProject
Project("{FAE04EC0-301F-11D3-BF4B-00C04F79EFBC}") = "SpaceGameApp", "SpaceGameLibrary\SpaceGameApp\SpaceGameApp.csproj", "{4A59CC0F-B167-4A7A-A0CC-9084009E1F82}"
EndProject
Global
	GlobalSection(SolutionConfigurationPlatforms) = preSolution
		Debug|Any CPU = Debug|Any CPU
		Release|Any CPU = Release|Any CPU
	EndGlobalSection
	GlobalSection(ProjectConfigurationPlatforms) = postSolution
		{1D2A5E0C-905D-499A-BDAD-A3D37D4360C6}.Debug|Any CPU.ActiveCfg = Debug|Any CPU
		{1D2A5E0C-905D-499A-BDAD-A3D37D4360C6}.Debug|Any CPU.Build.0 = Debug|Any CPU
		{1D2A5E0C-905D-499A-BDAD-A3D37D4360C6}.Release|Any CPU.ActiveCfg = Release|Any CPU
		{1D2A5E0C-905D-499A-BDAD-A3D37D4360C6}.Release|Any CPU.Build.0 = Release|Any CPU
		{C11C3BE7-0351-427E-A77D-B263591FA8CC}.Debug|Any CPU.ActiveCfg = Debug|Any CPU
		{C11C3BE7-0351-427E-A77D-B263591FA8CC}.Debug|Any CPU.Build.0 = Debug|Any CPU
		{C11C3BE7-0351-427E-A77D-B263591FA8CC}.Release|Any CPU.ActiveCfg = Release|Any CPU
		{C11C3BE7-0351-427E-A77D-B263591FA8CC}.Release|Any CPU.Build.0 = Release|Any CPU
		{E11C6415-A377-4593-AB26-55AD769EE4F2}.Debug|Any CPU.ActiveCfg = Debug|Any CPU
		{E11C6415-A377-4593-AB26-55AD769EE4F2}.Debug|Any CPU.Build.0 = Debug|Any CPU
		{E11C6415-A377-4593-AB26-55AD769EE4F2}.Release|Any CPU.ActiveCfg = Release|Any CPU
		{E11C6415-A377-4593-AB26-55AD769EE4F2}.Release|Any CPU.Build.0 = Release|Any CPU
		{4A59CC0F-B167-4A7A-A0CC-9084009E1F82}.Debug|Any CPU.ActiveCfg = Debug|Any CPU
		{4A59CC0F-B167-4A7A-A0CC-9084009E1F82}.Debug|Any CPU.Build.0 = Debug|Any CPU
		{4A59CC0F-B167-4A7A-A0CC-9084009E1F82}.Release|Any CPU.ActiveCfg = Release|Any CPU
		{4A59CC0F-B167-4A7A-A0CC-9084009E1F82}.Release|Any CPU.Build.0 = Release|Any CPU
	EndGlobalSection
	GlobalSection(SolutionProperties) = preSolution
		HideSolutionNode = FALSE
	EndGlobalSection
	GlobalSection(ExtensibilityGlobals) = postSolution
		SolutionGuid = {5BC4DE8F-64E5-4126-ABD2-134CBF826083}
	EndGlobalSection
EndGlobal
